
Microsoft Visual Studio Solution File, Format Version 12.00
# Visual Studio Version 16
VisualStudioVersion = 16.0.31112.23
MinimumVisualStudioVersion = 10.0.40219.1
Project("{FAE04EC0-301F-11D3-BF4B-00C04F79EFBC}") = "Senai.Peoples.WebApi", "Senai.Peoples.WebApi\Senai.Peoples.WebApi.csproj", "{FAC28776-B709-429B-A2C5-25F8ED3D86BE}"
EndProject
Global
	GlobalSection(SolutionConfigurationPlatforms) = preSolution
		Debug|Any CPU = Debug|Any CPU
		Release|Any CPU = Release|Any CPU
	EndGlobalSection
	GlobalSection(ProjectConfigurationPlatforms) = postSolution
		{FAC28776-B709-429B-A2C5-25F8ED3D86BE}.Debug|Any CPU.ActiveCfg = Debug|Any CPU
		{FAC28776-B709-429B-A2C5-25F8ED3D86BE}.Debug|Any CPU.Build.0 = Debug|Any CPU
		{FAC28776-B709-429B-A2C5-25F8ED3D86BE}.Release|Any CPU.ActiveCfg = Release|Any CPU
		{FAC28776-B709-429B-A2C5-25F8ED3D86BE}.Release|Any CPU.Build.0 = Release|Any CPU
	EndGlobalSection
	GlobalSection(SolutionProperties) = preSolution
		HideSolutionNode = FALSE
	EndGlobalSection
	GlobalSection(ExtensibilityGlobals) = postSolution
		SolutionGuid = {8CC658BC-43BE-4D88-AED7-0401F2330042}
	EndGlobalSection
EndGlobal
